
Microsoft Visual Studio Solution File, Format Version 12.00
# Visual Studio Version 17
VisualStudioVersion = 17.0.32126.317
MinimumVisualStudioVersion = 10.0.40219.1
Project("{FAE04EC0-301F-11D3-BF4B-00C04F79EFBC}") = "Exercicio_Heranca", "Exercicio_Heranca\Exercicio_Heranca.csproj", "{B8D5925C-C49B-467A-86A5-5CE9B8F2C031}"
EndProject
Global
	GlobalSection(SolutionConfigurationPlatforms) = preSolution
		Debug|Any CPU = Debug|Any CPU
		Release|Any CPU = Release|Any CPU
	EndGlobalSection
	GlobalSection(ProjectConfigurationPlatforms) = postSolution
		{B8D5925C-C49B-467A-86A5-5CE9B8F2C031}.Debug|Any CPU.ActiveCfg = Debug|Any CPU
		{B8D5925C-C49B-467A-86A5-5CE9B8F2C031}.Debug|Any CPU.Build.0 = Debug|Any CPU
		{B8D5925C-C49B-467A-86A5-5CE9B8F2C031}.Release|Any CPU.ActiveCfg = Release|Any CPU
		{B8D5925C-C49B-467A-86A5-5CE9B8F2C031}.Release|Any CPU.Build.0 = Release|Any CPU
	EndGlobalSection
	GlobalSection(SolutionProperties) = preSolution
		HideSolutionNode = FALSE
	EndGlobalSection
	GlobalSection(ExtensibilityGlobals) = postSolution
		SolutionGuid = {7DB5CF51-8DF4-45B0-9D66-112BCE5A47C0}
	EndGlobalSection
EndGlobal
